
Microsoft Visual Studio Solution File, Format Version 12.00
# Visual Studio Version 17
VisualStudioVersion = 17.7.34024.191
MinimumVisualStudioVersion = 10.0.40219.1
Project("{FAE04EC0-301F-11D3-BF4B-00C04F79EFBC}") = "SushiWorld", "SushiWorld\SushiWorld.csproj", "{722CD42A-5F40-4F1C-BB9B-CF142B3F9F79}"
EndProject
Global
	GlobalSection(SolutionConfigurationPlatforms) = preSolution
		Debug|Any CPU = Debug|Any CPU
		Release|Any CPU = Release|Any CPU
	EndGlobalSection
	GlobalSection(ProjectConfigurationPlatforms) = postSolution
		{722CD42A-5F40-4F1C-BB9B-CF142B3F9F79}.Debug|Any CPU.ActiveCfg = Debug|Any CPU
		{722CD42A-5F40-4F1C-BB9B-CF142B3F9F79}.Debug|Any CPU.Build.0 = Debug|Any CPU
		{722CD42A-5F40-4F1C-BB9B-CF142B3F9F79}.Release|Any CPU.ActiveCfg = Release|Any CPU
		{722CD42A-5F40-4F1C-BB9B-CF142B3F9F79}.Release|Any CPU.Build.0 = Release|Any CPU
	EndGlobalSection
	GlobalSection(SolutionProperties) = preSolution
		HideSolutionNode = FALSE
	EndGlobalSection
	GlobalSection(ExtensibilityGlobals) = postSolution
		SolutionGuid = {D62B17A0-E62A-45CF-8A23-6F8913FE8FA4}
	EndGlobalSection
EndGlobal
